Microsoft Visual Studio Solution File, Format Version 12.00
# Visual Studio Version 17
VisualStudioVersion = 17.5.2.0
MinimumVisualStudioVersion = 10.0.40219.1
Project("{FAE04EC0-301F-11D3-BF4B-00C04F79EFBC}") = "kduribeiro1.github.io", "kduribeiro1.github.io.csproj", "{4DF96538-95FC-8ACB-5704-A2F60E2BBA7D}"
EndProject
Global
	GlobalSection(SolutionConfigurationPlatforms) = preSolution
		Debug|Any CPU = Debug|Any CPU
		Release|Any CPU = Release|Any CPU
	EndGlobalSection
	GlobalSection(ProjectConfigurationPlatforms) = postSolution
		{4DF96538-95FC-8ACB-5704-A2F60E2BBA7D}.Debug|Any CPU.ActiveCfg = Debug|Any CPU
		{4DF96538-95FC-8ACB-5704-A2F60E2BBA7D}.Debug|Any CPU.Build.0 = Debug|Any CPU
		{4DF96538-95FC-8ACB-5704-A2F60E2BBA7D}.Release|Any CPU.ActiveCfg = Release|Any CPU
		{4DF96538-95FC-8ACB-5704-A2F60E2BBA7D}.Release|Any CPU.Build.0 = Release|Any CPU
	EndGlobalSection
	GlobalSection(SolutionProperties) = preSolution
		HideSolutionNode = FALSE
	EndGlobalSection
	GlobalSection(ExtensibilityGlobals) = postSolution
		SolutionGuid = {15454BFB-D73A-4914-93E8-7FA90EBC9585}
	EndGlobalSection
EndGlobal
